
Microsoft Visual Studio Solution File, Format Version 10.00
# Visual Studio 2008
Project("{FAE04EC0-301F-11D3-BF4B-00C04F79EFBC}") = "Avencia.Open.Common", "Avencia.Open.Common\Avencia.Open.Common.csproj", "{ADBFE412-4F06-454A-AAF5-E93719E3B1FD}"
EndProject
Project("{FAE04EC0-301F-11D3-BF4B-00C04F79EFBC}") = "Avencia.Open.Geocoding", "Avencia.Open.Geocoding\Avencia.Open.Geocoding.csproj", "{045EB402-62AF-499F-978A-80C9CF6C7B85}"
EndProject
Project("{FAE04EC0-301F-11D3-BF4B-00C04F79EFBC}") = "Avencia.Open.Reprojection", "Avencia.Open.Reprojection\Avencia.Open.Reprojection.csproj", "{F9FCE3C5-B8BC-416D-9B8B-342575CAF6D5}"
EndProject
Global
	GlobalSection(SolutionConfigurationPlatforms) = preSolution
		Debug|Any CPU = Debug|Any CPU
		Release|Any CPU = Release|Any CPU
	EndGlobalSection
	GlobalSection(ProjectConfigurationPlatforms) = postSolution
		{ADBFE412-4F06-454A-AAF5-E93719E3B1FD}.Debug|Any CPU.ActiveCfg = Debug|Any CPU
		{ADBFE412-4F06-454A-AAF5-E93719E3B1FD}.Debug|Any CPU.Build.0 = Debug|Any CPU
		{ADBFE412-4F06-454A-AAF5-E93719E3B1FD}.Release|Any CPU.ActiveCfg = Release|Any CPU
		{ADBFE412-4F06-454A-AAF5-E93719E3B1FD}.Release|Any CPU.Build.0 = Release|Any CPU
		{045EB402-62AF-499F-978A-80C9CF6C7B85}.Debug|Any CPU.ActiveCfg = Debug|Any CPU
		{045EB402-62AF-499F-978A-80C9CF6C7B85}.Debug|Any CPU.Build.0 = Debug|Any CPU
		{045EB402-62AF-499F-978A-80C9CF6C7B85}.Release|Any CPU.ActiveCfg = Release|Any CPU
		{045EB402-62AF-499F-978A-80C9CF6C7B85}.Release|Any CPU.Build.0 = Release|Any CPU
		{F9FCE3C5-B8BC-416D-9B8B-342575CAF6D5}.Debug|Any CPU.ActiveCfg = Debug|Any CPU
		{F9FCE3C5-B8BC-416D-9B8B-342575CAF6D5}.Debug|Any CPU.Build.0 = Debug|Any CPU
		{F9FCE3C5-B8BC-416D-9B8B-342575CAF6D5}.Release|Any CPU.ActiveCfg = Release|Any CPU
		{F9FCE3C5-B8BC-416D-9B8B-342575CAF6D5}.Release|Any CPU.Build.0 = Release|Any CPU
	EndGlobalSection
	GlobalSection(SolutionProperties) = preSolution
		HideSolutionNode = FALSE
	EndGlobalSection
EndGlobal
