
Microsoft Visual Studio Solution File, Format Version 10.00
# Visual Studio 2008
Project("{FAE04EC0-301F-11D3-BF4B-00C04F79EFBC}") = "Azavea.Open.Common", "Azavea.Open.Common\Azavea.Open.Common.csproj", "{ADBFE412-4F06-454A-AAF5-E93719E3B1FD}"
EndProject
Project("{FAE04EC0-301F-11D3-BF4B-00C04F79EFBC}") = "Azavea.Open.Reprojection", "Azavea.Open.Reprojection\Azavea.Open.Reprojection.csproj", "{155C7090-D562-4093-91B2-69C86795A0F4}"
EndProject
Project("{FAE04EC0-301F-11D3-BF4B-00C04F79EFBC}") = "Azavea.Open.Geocoding", "Azavea.Open.Geocoding\Azavea.Open.Geocoding.csproj", "{F73873D5-14B9-4570-8D74-D83321162EDC}"
EndProject
Project("{FAE04EC0-301F-11D3-BF4B-00C04F79EFBC}") = "Azavea.Open.Geocoding.Google", "Azavea.Open.Geocoding.Google\Azavea.Open.Geocoding.Google.csproj", "{EB345FD7-EB67-4F52-B873-6A456C831B99}"
EndProject
Project("{FAE04EC0-301F-11D3-BF4B-00C04F79EFBC}") = "Azavea.Open.Geocoding.GeocoderUS", "Azavea.Open.Geocoding.GeocoderUS\Azavea.Open.Geocoding.GeocoderUS.csproj", "{36DE0568-B4C4-437D-A5E4-3FAC3DF43C69}"
EndProject
Global
	GlobalSection(SolutionConfigurationPlatforms) = preSolution
		Debug|Any CPU = Debug|Any CPU
		Release|Any CPU = Release|Any CPU
	EndGlobalSection
	GlobalSection(ProjectConfigurationPlatforms) = postSolution
		{ADBFE412-4F06-454A-AAF5-E93719E3B1FD}.Debug|Any CPU.ActiveCfg = Debug|Any CPU
		{ADBFE412-4F06-454A-AAF5-E93719E3B1FD}.Debug|Any CPU.Build.0 = Debug|Any CPU
		{ADBFE412-4F06-454A-AAF5-E93719E3B1FD}.Release|Any CPU.ActiveCfg = Release|Any CPU
		{ADBFE412-4F06-454A-AAF5-E93719E3B1FD}.Release|Any CPU.Build.0 = Release|Any CPU
		{155C7090-D562-4093-91B2-69C86795A0F4}.Debug|Any CPU.ActiveCfg = Debug|Any CPU
		{155C7090-D562-4093-91B2-69C86795A0F4}.Debug|Any CPU.Build.0 = Debug|Any CPU
		{155C7090-D562-4093-91B2-69C86795A0F4}.Release|Any CPU.ActiveCfg = Release|Any CPU
		{155C7090-D562-4093-91B2-69C86795A0F4}.Release|Any CPU.Build.0 = Release|Any CPU
		{F73873D5-14B9-4570-8D74-D83321162EDC}.Debug|Any CPU.ActiveCfg = Debug|Any CPU
		{F73873D5-14B9-4570-8D74-D83321162EDC}.Debug|Any CPU.Build.0 = Debug|Any CPU
		{F73873D5-14B9-4570-8D74-D83321162EDC}.Release|Any CPU.ActiveCfg = Release|Any CPU
		{F73873D5-14B9-4570-8D74-D83321162EDC}.Release|Any CPU.Build.0 = Release|Any CPU
		{EB345FD7-EB67-4F52-B873-6A456C831B99}.Debug|Any CPU.ActiveCfg = Debug|Any CPU
		{EB345FD7-EB67-4F52-B873-6A456C831B99}.Debug|Any CPU.Build.0 = Debug|Any CPU
		{EB345FD7-EB67-4F52-B873-6A456C831B99}.Release|Any CPU.ActiveCfg = Release|Any CPU
		{EB345FD7-EB67-4F52-B873-6A456C831B99}.Release|Any CPU.Build.0 = Release|Any CPU
		{36DE0568-B4C4-437D-A5E4-3FAC3DF43C69}.Debug|Any CPU.ActiveCfg = Debug|Any CPU
		{36DE0568-B4C4-437D-A5E4-3FAC3DF43C69}.Debug|Any CPU.Build.0 = Debug|Any CPU
		{36DE0568-B4C4-437D-A5E4-3FAC3DF43C69}.Release|Any CPU.ActiveCfg = Release|Any CPU
		{36DE0568-B4C4-437D-A5E4-3FAC3DF43C69}.Release|Any CPU.Build.0 = Release|Any CPU
	EndGlobalSection
	GlobalSection(SolutionProperties) = preSolution
		HideSolutionNode = FALSE
	EndGlobalSection
EndGlobal
